# This file is automatically @generated by Wally.
# It is not intended for manual editing.
registry = "test"

[[package]]
name = "ffrostfall/crunchyroll"
version = "0.2.0"
dependencies = []

[[package]]
name = "teakzc/crunchwrap"
version = "0.1.7"
dependencies = [["crunchyroll", "ffrostfall/crunchyroll@0.2.0"]]
